
Microsoft Visual Studio Solution File, Format Version 11.00
# Visual Studio 2010
Project("{FAE04EC0-301F-11D3-BF4B-00C04F79EFBC}") = "BabySettings", "BabySettings\BabySettings.csproj", "{2B55F5ED-BEEF-4373-9517-4E2E88FF13A2}"
EndProject
Global
	GlobalSection(SolutionConfigurationPlatforms) = preSolution
		Debug|Any CPU = Debug|Any CPU
		Release|Any CPU = Release|Any CPU
	EndGlobalSection
	GlobalSection(ProjectConfigurationPlatforms) = postSolution
		{2B55F5ED-BEEF-4373-9517-4E2E88FF13A2}.Debug|Any CPU.ActiveCfg = Debug|Any CPU
		{2B55F5ED-BEEF-4373-9517-4E2E88FF13A2}.Debug|Any CPU.Build.0 = Debug|Any CPU
		{2B55F5ED-BEEF-4373-9517-4E2E88FF13A2}.Debug|Any CPU.Deploy.0 = Debug|Any CPU
		{2B55F5ED-BEEF-4373-9517-4E2E88FF13A2}.Release|Any CPU.ActiveCfg = Release|Any CPU
		{2B55F5ED-BEEF-4373-9517-4E2E88FF13A2}.Release|Any CPU.Build.0 = Release|Any CPU
		{2B55F5ED-BEEF-4373-9517-4E2E88FF13A2}.Release|Any CPU.Deploy.0 = Release|Any CPU
	EndGlobalSection
	GlobalSection(SolutionProperties) = preSolution
		HideSolutionNode = FALSE
	EndGlobalSection
EndGlobal
